<Solution>
  <Folder Name="/Classes/">
    <Project Path="ConsoleDumpManager/Iex.IexEquities.DeepPlus.IexTp.v1.04.ConsoleDumpManager.csproj" />
    <Project Path="Iex.IexEquities.DeepPlus.IexTp.v1.04/Iex.IexEquities.DeepPlus.IexTp.v1.04.csproj" />
    <Project Path="Iterator/Iex.IexEquities.DeepPlus.IexTp.v1.04.Iterator.csproj" />
    <Project Path="Manager/Iex.IexEquities.DeepPlus.IexTp.v1.04.Manager.csproj" />
    <Project Path="RoundTrip/Iex.IexEquities.DeepPlus.IexTp.v1.04.RoundTrip.csproj" />
    <Project Path="Test/Iex.IexEquities.DeepPlus.IexTp.v1.04.Test.csproj" />
    <Project Path="Viewer/Iex.IexEquities.DeepPlus.IexTp.v1.04.Viewer.csproj" />
  </Folder>
</Solution>
