<Solution>
  <Folder Name="/ZeroCopy/">
    <Project Path="Iex.IexEquities.Deep.IexTp.v1.08/ConsoleDumpManager/Iex.IexEquities.Deep.IexTp.v1.08.ConsoleDumpManager.csproj" />
    <Project Path="Iex.IexEquities.Deep.IexTp.v1.08/Iex.IexEquities.Deep.IexTp.v1.08.csproj" />
    <Project Path="Iex.IexEquities.Deep.IexTp.v1.08/Manager/Iex.IexEquities.Deep.IexTp.v1.08.Manager.csproj" />
    <Project Path="Iex.IexEquities.Deep.IexTp.v1.08/Test/Iex.IexEquities.Deep.IexTp.v1.08.Test.csproj" />
  </Folder>
</Solution>
