<Solution>
  <Folder Name="/Classes/">
    <Project Path="ConsoleDumpManager/Iex.IexEquities.Tops.IexTp.v1.66.ConsoleDumpManager.csproj" />
    <Project Path="Iex.IexEquities.Tops.IexTp.v1.66/Iex.IexEquities.Tops.IexTp.v1.66.csproj" />
    <Project Path="Iterator/Iex.IexEquities.Tops.IexTp.v1.66.Iterator.csproj" />
    <Project Path="Manager/Iex.IexEquities.Tops.IexTp.v1.66.Manager.csproj" />
    <Project Path="RoundTrip/Iex.IexEquities.Tops.IexTp.v1.66.RoundTrip.csproj" />
    <Project Path="Test/Iex.IexEquities.Tops.IexTp.v1.66.Test.csproj" />
    <Project Path="Viewer/Iex.IexEquities.Tops.IexTp.v1.66.Viewer.csproj" />
  </Folder>
</Solution>
