<Solution>
  <Folder Name="/Classes/">
    <Project Path="ConsoleDumpManager/Iex.IexEquities.Deep.IexTp.v1.06.ConsoleDumpManager.csproj" />
    <Project Path="Iex.IexEquities.Deep.IexTp.v1.06/Iex.IexEquities.Deep.IexTp.v1.06.csproj" />
    <Project Path="Iterator/Iex.IexEquities.Deep.IexTp.v1.06.Iterator.csproj" />
    <Project Path="Manager/Iex.IexEquities.Deep.IexTp.v1.06.Manager.csproj" />
    <Project Path="RoundTrip/Iex.IexEquities.Deep.IexTp.v1.06.RoundTrip.csproj" />
    <Project Path="Test/Iex.IexEquities.Deep.IexTp.v1.06.Test.csproj" />
    <Project Path="Viewer/Iex.IexEquities.Deep.IexTp.v1.06.Viewer.csproj" />
  </Folder>
</Solution>
