Microsoft Visual Studio Solution File, Format Version 12.00
# Visual Studio Version 17
VisualStudioVersion = 17.7.34009.444
MinimumVisualStudioVersion = 10.0.40219.1
Project("{6c93192f-58c2-8eb9-bdf3-11c3382b0482}") = "Iex.IexEquities.Deep.IexTp.v1.06", "Iex.IexEquities.Deep.IexTp.v1.06.csproj", "{641174c0-0066-fc93-53cb-fd2ab25bcabe}"
EndProject
Global
	GlobalSection(SolutionConfigurationPlatforms) = preSolution
		Debug|Any CPU = Debug|Any CPU
		Release|Any CPU = Release|Any CPU
	EndGlobalSection
	GlobalSection(ProjectConfigurationPlatforms) = postSolution
		{641174c0-0066-fc93-53cb-fd2ab25bcabe}.Debug|Any CPU.ActiveCfg = Debug|Any CPU
		{641174c0-0066-fc93-53cb-fd2ab25bcabe}.Debug|Any CPU.Build.0 = Debug|Any CPU
		{641174c0-0066-fc93-53cb-fd2ab25bcabe}.Release|Any CPU.ActiveCfg = Release|Any CPU
		{641174c0-0066-fc93-53cb-fd2ab25bcabe}.Release|Any CPU.Build.0 = Release|Any CPU
	EndGlobalSection
	GlobalSection(SolutionProperties) = preSolution
		HideSolutionNode = FALSE
	EndGlobalSection
	GlobalSection(ExtensibilityGlobals) = postSolution
		SolutionGuid = {11137768-96be-ef52-c9ef-b18aabb239c3}
	EndGlobalSection
EndGlobal
