<Solution>
  <Folder Name="/ZeroCopy/">
    <Project Path="Iex.IexEquities.Tops.IexTp.v1.56/ConsoleDumpManager/Iex.IexEquities.Tops.IexTp.v1.56.ConsoleDumpManager.csproj" />
    <Project Path="Iex.IexEquities.Tops.IexTp.v1.56/Iex.IexEquities.Tops.IexTp.v1.56.csproj" />
    <Project Path="Iex.IexEquities.Tops.IexTp.v1.56/Manager/Iex.IexEquities.Tops.IexTp.v1.56.Manager.csproj" />
    <Project Path="Iex.IexEquities.Tops.IexTp.v1.56/Test/Iex.IexEquities.Tops.IexTp.v1.56.Test.csproj" />
  </Folder>
</Solution>
